
Microsoft Visual Studio Solution File, Format Version 12.00
# Visual Studio Version 17
VisualStudioVersion = 17.13.35825.156 d17.13
MinimumVisualStudioVersion = 10.0.40219.1
Project("{FAE04EC0-301F-11D3-BF4B-00C04F79EFBC}") = "WPF_ProjectH", "WPF_ProjectH\WPF_ProjectH.csproj", "{846F7466-3812-4D8E-875B-AF95A26FDC63}"
EndProject
Global
	GlobalSection(SolutionConfigurationPlatforms) = preSolution
		Debug|Any CPU = Debug|Any CPU
		Release|Any CPU = Release|Any CPU
	EndGlobalSection
	GlobalSection(ProjectConfigurationPlatforms) = postSolution
		{846F7466-3812-4D8E-875B-AF95A26FDC63}.Debug|Any CPU.ActiveCfg = Debug|Any CPU
		{846F7466-3812-4D8E-875B-AF95A26FDC63}.Debug|Any CPU.Build.0 = Debug|Any CPU
		{846F7466-3812-4D8E-875B-AF95A26FDC63}.Release|Any CPU.ActiveCfg = Release|Any CPU
		{846F7466-3812-4D8E-875B-AF95A26FDC63}.Release|Any CPU.Build.0 = Release|Any CPU
	EndGlobalSection
	GlobalSection(SolutionProperties) = preSolution
		HideSolutionNode = FALSE
	EndGlobalSection
	GlobalSection(ExtensibilityGlobals) = postSolution
		SolutionGuid = {FE54AD80-035D-46C8-B335-5B27E19E627D}
	EndGlobalSection
EndGlobal
